// !$*UTF8*$!
{
	archiveVersion = 1;
	classes = {
	};
	objectVersion = 48;
	objects = {

/* Begin PBXBuildFile section */
		072E920CB4388D2CC627D0A6 /* Pods_MVVM_GitHubTests.framework in Frameworks */ = {isa = PBXBuildFile; fileRef = 05733571141BB9F6391E5ED2 /* Pods_MVVM_GitHubTests.framework */; };
		344948E3D9709700CDC256BF /* Pods_MVVM_GitHubUITests.framework in Frameworks */ = {isa = PBXBuildFile; fileRef = F989CFEC1AD1241E90E4403B /* Pods_MVVM_GitHubUITests.framework */; };
		535A05BA046AFFD0CE00438E /* Pods_MVVM_GitHub.framework in Frameworks */ = {isa = PBXBuildFile; fileRef = 7FC11B268E4A49F8637DF5C8 /* Pods_MVVM_GitHub.framework */; };
		5D10CA071FFD73B700A7E92E /* GitHubTableViewCell.swift in Sources */ = {isa = PBXBuildFile; fileRef = 5D10CA061FFD73B700A7E92E /* GitHubTableViewCell.swift */; };
		5D23D6B21FFBE71F004D8296 /* AppDelegate.swift in Sources */ = {isa = PBXBuildFile; fileRef = 5D23D6B11FFBE71F004D8296 /* AppDelegate.swift */; };
		5D23D6B41FFBE71F004D8296 /* MasterViewController.swift in Sources */ = {isa = PBXBuildFile; fileRef = 5D23D6B31FFBE71F004D8296 /* MasterViewController.swift */; };
		5D23D6B71FFBE71F004D8296 /* Main.storyboard in Resources */ = {isa = PBXBuildFile; fileRef = 5D23D6B51FFBE71F004D8296 /* Main.storyboard */; };
		5D23D6B91FFBE71F004D8296 /* Assets.xcassets in Resources */ = {isa = PBXBuildFile; fileRef = 5D23D6B81FFBE71F004D8296 /* Assets.xcassets */; };
		5D23D6BC1FFBE71F004D8296 /* LaunchScreen.storyboard in Resources */ = {isa = PBXBuildFile; fileRef = 5D23D6BA1FFBE71F004D8296 /* LaunchScreen.storyboard */; };
		5D23D6C71FFBE720004D8296 /* MVVM_GitHubTests.swift in Sources */ = {isa = PBXBuildFile; fileRef = 5D23D6C61FFBE720004D8296 /* MVVM_GitHubTests.swift */; };
		5D23D6D21FFBE720004D8296 /* MVVM_GitHubUITests.swift in Sources */ = {isa = PBXBuildFile; fileRef = 5D23D6D11FFBE720004D8296 /* MVVM_GitHubUITests.swift */; };
		5D2602711FFEB95D0069D1D5 /* DetailRepoViewController.swift in Sources */ = {isa = PBXBuildFile; fileRef = 5D2602701FFEB95D0069D1D5 /* DetailRepoViewController.swift */; };
		5D3271531FFBEEC200D85242 /* SearchModel.swift in Sources */ = {isa = PBXBuildFile; fileRef = 5D3271521FFBEEC200D85242 /* SearchModel.swift */; };
		5D3271551FFBFC8400D85242 /* MasterViewModel.swift in Sources */ = {isa = PBXBuildFile; fileRef = 5D3271541FFBFC8400D85242 /* MasterViewModel.swift */; };
		5D3271571FFC19B900D85242 /* APIEndpoints.swift in Sources */ = {isa = PBXBuildFile; fileRef = 5D3271561FFC19B900D85242 /* APIEndpoints.swift */; };
		5D4722D51FFF8FD200ABF33E /* DetailUserViewController.swift in Sources */ = {isa = PBXBuildFile; fileRef = 5D4722D41FFF8FD200ABF33E /* DetailUserViewController.swift */; };
		5D5C6A651FFF7D4600492B27 /* CellModel.swift in Sources */ = {isa = PBXBuildFile; fileRef = 5D5C6A641FFF7D4600492B27 /* CellModel.swift */; };
		5D5C6A671FFF820200492B27 /* DetailRepoViewModel.swift in Sources */ = {isa = PBXBuildFile; fileRef = 5D5C6A661FFF820200492B27 /* DetailRepoViewModel.swift */; };
		5D5C6A691FFF83AB00492B27 /* DetailModel.swift in Sources */ = {isa = PBXBuildFile; fileRef = 5D5C6A681FFF83AB00492B27 /* DetailModel.swift */; };
/* End PBXBuildFile section */

/* Begin PBXContainerItemProxy section */
		5D23D6C31FFBE720004D8296 /* PBXContainerItemProxy */ = {
			isa = PBXContainerItemProxy;
			containerPortal = 5D23D6A61FFBE71F004D8296 /* Project object */;
			proxyType = 1;
			remoteGlobalIDString = 5D23D6AD1FFBE71F004D8296;
			remoteInfo = MVVM_GitHub;
		};
		5D23D6CE1FFBE720004D8296 /* PBXContainerItemProxy */ = {
			isa = PBXContainerItemProxy;
			containerPortal = 5D23D6A61FFBE71F004D8296 /* Project object */;
			proxyType = 1;
			remoteGlobalIDString = 5D23D6AD1FFBE71F004D8296;
			remoteInfo = MVVM_GitHub;
		};
/* End PBXContainerItemProxy section */

/* Begin PBXFileReference section */
		05733571141BB9F6391E5ED2 /* Pods_MVVM_GitHubTests.framework */ = {isa = PBXFileReference; explicitFileType = wrapper.framework; includeInIndex = 0; path = Pods_MVVM_GitHubTests.framework; sourceTree = BUILT_PRODUCTS_DIR; };
		3E73DDAAA0EA26C809F67654 /* Pods-MVVM_GitHubUITests.release.xcconfig */ = {isa = PBXFileReference; includeInIndex = 1; lastKnownFileType = text.xcconfig; name = "Pods-MVVM_GitHubUITests.release.xcconfig"; path = "Pods/Target Support Files/Pods-MVVM_GitHubUITests/Pods-MVVM_GitHubUITests.release.xcconfig"; sourceTree = "<group>"; };
		5250322014F02DE969E6EE9A /* Pods-MVVM_GitHub.debug.xcconfig */ = {isa = PBXFileReference; includeInIndex = 1; lastKnownFileType = text.xcconfig; name = "Pods-MVVM_GitHub.debug.xcconfig"; path = "Pods/Target Support Files/Pods-MVVM_GitHub/Pods-MVVM_GitHub.debug.xcconfig"; sourceTree = "<group>"; };
		5D10CA061FFD73B700A7E92E /* GitHubTableViewCell.swift */ = {isa = PBXFileReference; lastKnownFileType = sourcecode.swift; path = GitHubTableViewCell.swift; sourceTree = "<group>"; };
		5D23D6AE1FFBE71F004D8296 /* MVVM_GitHub.app */ = {isa = PBXFileReference; explicitFileType = wrapper.application; includeInIndex = 0; path = MVVM_GitHub.app; sourceTree = BUILT_PRODUCTS_DIR; };
		5D23D6B11FFBE71F004D8296 /* AppDelegate.swift */ = {isa = PBXFileReference; lastKnownFileType = sourcecode.swift; path = AppDelegate.swift; sourceTree = "<group>"; };
		5D23D6B31FFBE71F004D8296 /* MasterViewController.swift */ = {isa = PBXFileReference; lastKnownFileType = sourcecode.swift; path = MasterViewController.swift; sourceTree = "<group>"; };
		5D23D6B61FFBE71F004D8296 /* Base */ = {isa = PBXFileReference; lastKnownFileType = file.storyboard; name = Base; path = Base.lproj/Main.storyboard; sourceTree = "<group>"; };
		5D23D6B81FFBE71F004D8296 /* Assets.xcassets */ = {isa = PBXFileReference; lastKnownFileType = folder.assetcatalog; path = Assets.xcassets; sourceTree = "<group>"; };
		5D23D6BB1FFBE71F004D8296 /* Base */ = {isa = PBXFileReference; lastKnownFileType = file.storyboard; name = Base; path = Base.lproj/LaunchScreen.storyboard; sourceTree = "<group>"; };
		5D23D6BD1FFBE720004D8296 /* Info.plist */ = {isa = PBXFileReference; lastKnownFileType = text.plist.xml; path = Info.plist; sourceTree = "<group>"; };
		5D23D6C21FFBE720004D8296 /* MVVM_GitHubTests.xctest */ = {isa = PBXFileReference; explicitFileType = wrapper.cfbundle; includeInIndex = 0; path = MVVM_GitHubTests.xctest; sourceTree = BUILT_PRODUCTS_DIR; };
		5D23D6C61FFBE720004D8296 /* MVVM_GitHubTests.swift */ = {isa = PBXFileReference; lastKnownFileType = sourcecode.swift; path = MVVM_GitHubTests.swift; sourceTree = "<group>"; };
		5D23D6C81FFBE720004D8296 /* Info.plist */ = {isa = PBXFileReference; lastKnownFileType = text.plist.xml; path = Info.plist; sourceTree = "<group>"; };
		5D23D6CD1FFBE720004D8296 /* MVVM_GitHubUITests.xctest */ = {isa = PBXFileReference; explicitFileType = wrapper.cfbundle; includeInIndex = 0; path = MVVM_GitHubUITests.xctest; sourceTree = BUILT_PRODUCTS_DIR; };
		5D23D6D11FFBE720004D8296 /* MVVM_GitHubUITests.swift */ = {isa = PBXFileReference; lastKnownFileType = sourcecode.swift; path = MVVM_GitHubUITests.swift; sourceTree = "<group>"; };
		5D23D6D31FFBE720004D8296 /* Info.plist */ = {isa = PBXFileReference; lastKnownFileType = text.plist.xml; path = Info.plist; sourceTree = "<group>"; };
		5D2602701FFEB95D0069D1D5 /* DetailRepoViewController.swift */ = {isa = PBXFileReference; lastKnownFileType = sourcecode.swift; path = DetailRepoViewController.swift; sourceTree = "<group>"; };
		5D3271521FFBEEC200D85242 /* SearchModel.swift */ = {isa = PBXFileReference; lastKnownFileType = sourcecode.swift; path = SearchModel.swift; sourceTree = "<group>"; };
		5D3271541FFBFC8400D85242 /* MasterViewModel.swift */ = {isa = PBXFileReference; lastKnownFileType = sourcecode.swift; path = MasterViewModel.swift; sourceTree = "<group>"; };
		5D3271561FFC19B900D85242 /* APIEndpoints.swift */ = {isa = PBXFileReference; lastKnownFileType = sourcecode.swift; path = APIEndpoints.swift; sourceTree = "<group>"; };
		5D4722D41FFF8FD200ABF33E /* DetailUserViewController.swift */ = {isa = PBXFileReference; lastKnownFileType = sourcecode.swift; path = DetailUserViewController.swift; sourceTree = "<group>"; };
		5D5C6A641FFF7D4600492B27 /* CellModel.swift */ = {isa = PBXFileReference; lastKnownFileType = sourcecode.swift; path = CellModel.swift; sourceTree = "<group>"; };
		5D5C6A661FFF820200492B27 /* DetailRepoViewModel.swift */ = {isa = PBXFileReference; lastKnownFileType = sourcecode.swift; path = DetailRepoViewModel.swift; sourceTree = "<group>"; };
		5D5C6A681FFF83AB00492B27 /* DetailModel.swift */ = {isa = PBXFileReference; lastKnownFileType = sourcecode.swift; path = DetailModel.swift; sourceTree = "<group>"; };
		6AA2CF306840105893605F75 /* Pods-MVVM_GitHubTests.debug.xcconfig */ = {isa = PBXFileReference; includeInIndex = 1; lastKnownFileType = text.xcconfig; name = "Pods-MVVM_GitHubTests.debug.xcconfig"; path = "Pods/Target Support Files/Pods-MVVM_GitHubTests/Pods-MVVM_GitHubTests.debug.xcconfig"; sourceTree = "<group>"; };
		70BCE722C93C18952F716B14 /* Pods-MVVM_GitHub.release.xcconfig */ = {isa = PBXFileReference; includeInIndex = 1; lastKnownFileType = text.xcconfig; name = "Pods-MVVM_GitHub.release.xcconfig"; path = "Pods/Target Support Files/Pods-MVVM_GitHub/Pods-MVVM_GitHub.release.xcconfig"; sourceTree = "<group>"; };
		7998D121F801BBB13D293580 /* Pods-MVVM_GitHubTests.release.xcconfig */ = {isa = PBXFileReference; includeInIndex = 1; lastKnownFileType = text.xcconfig; name = "Pods-MVVM_GitHubTests.release.xcconfig"; path = "Pods/Target Support Files/Pods-MVVM_GitHubTests/Pods-MVVM_GitHubTests.release.xcconfig"; sourceTree = "<group>"; };
		7FC11B268E4A49F8637DF5C8 /* Pods_MVVM_GitHub.framework */ = {isa = PBXFileReference; explicitFileType = wrapper.framework; includeInIndex = 0; path = Pods_MVVM_GitHub.framework; sourceTree = BUILT_PRODUCTS_DIR; };
		9A537F8E9EAA799C1C7616AA /* Pods-MVVM_GitHubUITests.debug.xcconfig */ = {isa = PBXFileReference; includeInIndex = 1; lastKnownFileType = text.xcconfig; name = "Pods-MVVM_GitHubUITests.debug.xcconfig"; path = "Pods/Target Support Files/Pods-MVVM_GitHubUITests/Pods-MVVM_GitHubUITests.debug.xcconfig"; sourceTree = "<group>"; };
		F989CFEC1AD1241E90E4403B /* Pods_MVVM_GitHubUITests.framework */ = {isa = PBXFileReference; explicitFileType = wrapper.framework; includeInIndex = 0; path = Pods_MVVM_GitHubUITests.framework; sourceTree = BUILT_PRODUCTS_DIR; };
/* End PBXFileReference section */

/* Begin PBXFrameworksBuildPhase section */
		5D23D6AB1FFBE71F004D8296 /* Frameworks */ = {
			isa = PBXFrameworksBuildPhase;
			buildActionMask = 2147483647;
			files = (
				535A05BA046AFFD0CE00438E /* Pods_MVVM_GitHub.framework in Frameworks */,
			);
			runOnlyForDeploymentPostprocessing = 0;
		};
		5D23D6BF1FFBE720004D8296 /* Frameworks */ = {
			isa = PBXFrameworksBuildPhase;
			buildActionMask = 2147483647;
			files = (
				072E920CB4388D2CC627D0A6 /* Pods_MVVM_GitHubTests.framework in Frameworks */,
			);
			runOnlyForDeploymentPostprocessing = 0;
		};
		5D23D6CA1FFBE720004D8296 /* Frameworks */ = {
			isa = PBXFrameworksBuildPhase;
			buildActionMask = 2147483647;
			files = (
				344948E3D9709700CDC256BF /* Pods_MVVM_GitHubUITests.framework in Frameworks */,
			);
			runOnlyForDeploymentPostprocessing = 0;
		};
/* End PBXFrameworksBuildPhase section */

/* Begin PBXGroup section */
		37C2C8DCF1DBAA8F849832C1 /* Pods */ = {
			isa = PBXGroup;
			children = (
				5250322014F02DE969E6EE9A /* Pods-MVVM_GitHub.debug.xcconfig */,
				70BCE722C93C18952F716B14 /* Pods-MVVM_GitHub.release.xcconfig */,
				6AA2CF306840105893605F75 /* Pods-MVVM_GitHubTests.debug.xcconfig */,
				7998D121F801BBB13D293580 /* Pods-MVVM_GitHubTests.release.xcconfig */,
				9A537F8E9EAA799C1C7616AA /* Pods-MVVM_GitHubUITests.debug.xcconfig */,
				3E73DDAAA0EA26C809F67654 /* Pods-MVVM_GitHubUITests.release.xcconfig */,
			);
			name = Pods;
			sourceTree = "<group>";
		};
		59A74983FD21ABA342625E3A /* Frameworks */ = {
			isa = PBXGroup;
			children = (
				7FC11B268E4A49F8637DF5C8 /* Pods_MVVM_GitHub.framework */,
				05733571141BB9F6391E5ED2 /* Pods_MVVM_GitHubTests.framework */,
				F989CFEC1AD1241E90E4403B /* Pods_MVVM_GitHubUITests.framework */,
			);
			name = Frameworks;
			sourceTree = "<group>";
		};
		5D10CA081FFD73BE00A7E92E /* View */ = {
			isa = PBXGroup;
			children = (
				5D10CA061FFD73B700A7E92E /* GitHubTableViewCell.swift */,
			);
			path = View;
			sourceTree = "<group>";
		};
		5D23D6A51FFBE71F004D8296 = {
			isa = PBXGroup;
			children = (
				5D23D6B01FFBE71F004D8296 /* MVVM_GitHub */,
				5D23D6C51FFBE720004D8296 /* MVVM_GitHubTests */,
				5D23D6D01FFBE720004D8296 /* MVVM_GitHubUITests */,
				5D23D6AF1FFBE71F004D8296 /* Products */,
				37C2C8DCF1DBAA8F849832C1 /* Pods */,
				59A74983FD21ABA342625E3A /* Frameworks */,
			);
			sourceTree = "<group>";
		};
		5D23D6AF1FFBE71F004D8296 /* Products */ = {
			isa = PBXGroup;
			children = (
				5D23D6AE1FFBE71F004D8296 /* MVVM_GitHub.app */,
				5D23D6C21FFBE720004D8296 /* MVVM_GitHubTests.xctest */,
				5D23D6CD1FFBE720004D8296 /* MVVM_GitHubUITests.xctest */,
			);
			name = Products;
			sourceTree = "<group>";
		};
		5D23D6B01FFBE71F004D8296 /* MVVM_GitHub */ = {
			isa = PBXGroup;
			children = (
				5D3271581FFC1DDC00D85242 /* API */,
				5D3271511FFBEE9F00D85242 /* Model */,
				5D10CA081FFD73BE00A7E92E /* View */,
				5D23D6B11FFBE71F004D8296 /* AppDelegate.swift */,
				5D3271541FFBFC8400D85242 /* MasterViewModel.swift */,
				5D23D6B31FFBE71F004D8296 /* MasterViewController.swift */,
				5D5C6A661FFF820200492B27 /* DetailRepoViewModel.swift */,
				5D2602701FFEB95D0069D1D5 /* DetailRepoViewController.swift */,
				5D4722D41FFF8FD200ABF33E /* DetailUserViewController.swift */,
				5D23D6B51FFBE71F004D8296 /* Main.storyboard */,
				5D23D6B81FFBE71F004D8296 /* Assets.xcassets */,
				5D23D6BA1FFBE71F004D8296 /* LaunchScreen.storyboard */,
				5D23D6BD1FFBE720004D8296 /* Info.plist */,
			);
			path = MVVM_GitHub;
			sourceTree = "<group>";
		};
		5D23D6C51FFBE720004D8296 /* MVVM_GitHubTests */ = {
			isa = PBXGroup;
			children = (
				5D23D6C61FFBE720004D8296 /* MVVM_GitHubTests.swift */,
				5D23D6C81FFBE720004D8296 /* Info.plist */,
			);
			path = MVVM_GitHubTests;
			sourceTree = "<group>";
		};
		5D23D6D01FFBE720004D8296 /* MVVM_GitHubUITests */ = {
			isa = PBXGroup;
			children = (
				5D23D6D11FFBE720004D8296 /* MVVM_GitHubUITests.swift */,
				5D23D6D31FFBE720004D8296 /* Info.plist */,
			);
			path = MVVM_GitHubUITests;
			sourceTree = "<group>";
		};
		5D3271511FFBEE9F00D85242 /* Model */ = {
			isa = PBXGroup;
			children = (
				5D3271521FFBEEC200D85242 /* SearchModel.swift */,
				5D5C6A641FFF7D4600492B27 /* CellModel.swift */,
				5D5C6A681FFF83AB00492B27 /* DetailModel.swift */,
			);
			path = Model;
			sourceTree = "<group>";
		};
		5D3271581FFC1DDC00D85242 /* API */ = {
			isa = PBXGroup;
			children = (
				5D3271561FFC19B900D85242 /* APIEndpoints.swift */,
			);
			path = API;
			sourceTree = "<group>";
		};
/* End PBXGroup section */

/* Begin PBXNativeTarget section */
		5D23D6AD1FFBE71F004D8296 /* MVVM_GitHub */ = {
			isa = PBXNativeTarget;
			buildConfigurationList = 5D23D6D61FFBE720004D8296 /* Build configuration list for PBXNativeTarget "MVVM_GitHub" */;
			buildPhases = (
				D085497549D3E248ED095B80 /* [CP] Check Pods Manifest.lock */,
				5D23D6AA1FFBE71F004D8296 /* Sources */,
				5D23D6AB1FFBE71F004D8296 /* Frameworks */,
				5D23D6AC1FFBE71F004D8296 /* Resources */,
				58B66B7AC04CC073C950A810 /* [CP] Embed Pods Frameworks */,
				48668CAFD493E41D6CDDF0FD /* [CP] Copy Pods Resources */,
			);
			buildRules = (
			);
			dependencies = (
			);
			name = MVVM_GitHub;
			productName = MVVM_GitHub;
			productReference = 5D23D6AE1FFBE71F004D8296 /* MVVM_GitHub.app */;
			productType = "com.apple.product-type.application";
		};
		5D23D6C11FFBE720004D8296 /* MVVM_GitHubTests */ = {
			isa = PBXNativeTarget;
			buildConfigurationList = 5D23D6D91FFBE720004D8296 /* Build configuration list for PBXNativeTarget "MVVM_GitHubTests" */;
			buildPhases = (
				BC6DF48431F3976B3BD938ED /* [CP] Check Pods Manifest.lock */,
				5D23D6BE1FFBE720004D8296 /* Sources */,
				5D23D6BF1FFBE720004D8296 /* Frameworks */,
				5D23D6C01FFBE720004D8296 /* Resources */,
				716616E1B000F49956C233D5 /* [CP] Embed Pods Frameworks */,
				47874E90376950FB7AA26FF4 /* [CP] Copy Pods Resources */,
			);
			buildRules = (
			);
			dependencies = (
				5D23D6C41FFBE720004D8296 /* PBXTargetDependency */,
			);
			name = MVVM_GitHubTests;
			productName = MVVM_GitHubTests;
			productReference = 5D23D6C21FFBE720004D8296 /* MVVM_GitHubTests.xctest */;
			productType = "com.apple.product-type.bundle.unit-test";
		};
		5D23D6CC1FFBE720004D8296 /* MVVM_GitHubUITests */ = {
			isa = PBXNativeTarget;
			buildConfigurationList = 5D23D6DC1FFBE720004D8296 /* Build configuration list for PBXNativeTarget "MVVM_GitHubUITests" */;
			buildPhases = (
				6853D7751C6EA2810C2A3CBB /* [CP] Check Pods Manifest.lock */,
				5D23D6C91FFBE720004D8296 /* Sources */,
				5D23D6CA1FFBE720004D8296 /* Frameworks */,
				5D23D6CB1FFBE720004D8296 /* Resources */,
				2C0046FF05D7A57B5D123008 /* [CP] Embed Pods Frameworks */,
				9C3DC2D5BBD7EDFBA90E1726 /* [CP] Copy Pods Resources */,
			);
			buildRules = (
			);
			dependencies = (
				5D23D6CF1FFBE720004D8296 /* PBXTargetDependency */,
			);
			name = MVVM_GitHubUITests;
			productName = MVVM_GitHubUITests;
			productReference = 5D23D6CD1FFBE720004D8296 /* MVVM_GitHubUITests.xctest */;
			productType = "com.apple.product-type.bundle.ui-testing";
		};
/* End PBXNativeTarget section */

/* Begin PBXProject section */
		5D23D6A61FFBE71F004D8296 /* Project object */ = {
			isa = PBXProject;
			attributes = {
				LastSwiftUpdateCheck = 0920;
				LastUpgradeCheck = 0920;
				ORGANIZATIONNAME = "Bartłomiej Bocian";
				TargetAttributes = {
					5D23D6AD1FFBE71F004D8296 = {
						CreatedOnToolsVersion = 9.2;
						ProvisioningStyle = Automatic;
					};
					5D23D6C11FFBE720004D8296 = {
						CreatedOnToolsVersion = 9.2;
						ProvisioningStyle = Automatic;
						TestTargetID = 5D23D6AD1FFBE71F004D8296;
					};
					5D23D6CC1FFBE720004D8296 = {
						CreatedOnToolsVersion = 9.2;
						ProvisioningStyle = Automatic;
						TestTargetID = 5D23D6AD1FFBE71F004D8296;
					};
				};
			};
			buildConfigurationList = 5D23D6A91FFBE71F004D8296 /* Build configuration list for PBXProject "MVVM_GitHub" */;
			compatibilityVersion = "Xcode 8.0";
			developmentRegion = en;
			hasScannedForEncodings = 0;
			knownRegions = (
				en,
				Base,
			);
			mainGroup = 5D23D6A51FFBE71F004D8296;
			productRefGroup = 5D23D6AF1FFBE71F004D8296 /* Products */;
			projectDirPath = "";
			projectRoot = "";
			targets = (
				5D23D6AD1FFBE71F004D8296 /* MVVM_GitHub */,
				5D23D6C11FFBE720004D8296 /* MVVM_GitHubTests */,
				5D23D6CC1FFBE720004D8296 /* MVVM_GitHubUITests */,
			);
		};
/* End PBXProject section */

/* Begin PBXResourcesBuildPhase section */
		5D23D6AC1FFBE71F004D8296 /* Resources */ = {
			isa = PBXResourcesBuildPhase;
			buildActionMask = 2147483647;
			files = (
				5D23D6BC1FFBE71F004D8296 /* LaunchScreen.storyboard in Resources */,
				5D23D6B91FFBE71F004D8296 /* Assets.xcassets in Resources */,
				5D23D6B71FFBE71F004D8296 /* Main.storyboard in Resources */,
			);
			runOnlyForDeploymentPostprocessing = 0;
		};
		5D23D6C01FFBE720004D8296 /* Resources */ = {
			isa = PBXResourcesBuildPhase;
			buildActionMask = 2147483647;
			files = (
			);
			runOnlyForDeploymentPostprocessing = 0;
		};
		5D23D6CB1FFBE720004D8296 /* Resources */ = {
			isa = PBXResourcesBuildPhase;
			buildActionMask = 2147483647;
			files = (
			);
			runOnlyForDeploymentPostprocessing = 0;
		};
/* End PBXResourcesBuildPhase section */

/* Begin PBXShellScriptBuildPhase section */
		2C0046FF05D7A57B5D123008 /* [CP] Embed Pods Frameworks */ = {
			isa = PBXShellScriptBuildPhase;
			buildActionMask = 2147483647;
			files = (
			);
			inputPaths = (
			);
			name = "[CP] Embed Pods Frameworks";
			outputPaths = (
			);
			runOnlyForDeploymentPostprocessing = 0;
			shellPath = /bin/sh;
			shellScript = "\"${SRCROOT}/Pods/Target Support Files/Pods-MVVM_GitHubUITests/Pods-MVVM_GitHubUITests-frameworks.sh\"\n";
			showEnvVarsInLog = 0;
		};
		47874E90376950FB7AA26FF4 /* [CP] Copy Pods Resources */ = {
			isa = PBXShellScriptBuildPhase;
			buildActionMask = 2147483647;
			files = (
			);
			inputPaths = (
			);
			name = "[CP] Copy Pods Resources";
			outputPaths = (
			);
			runOnlyForDeploymentPostprocessing = 0;
			shellPath = /bin/sh;
			shellScript = "\"${SRCROOT}/Pods/Target Support Files/Pods-MVVM_GitHubTests/Pods-MVVM_GitHubTests-resources.sh\"\n";
			showEnvVarsInLog = 0;
		};
		48668CAFD493E41D6CDDF0FD /* [CP] Copy Pods Resources */ = {
			isa = PBXShellScriptBuildPhase;
			buildActionMask = 2147483647;
			files = (
			);
			inputPaths = (
			);
			name = "[CP] Copy Pods Resources";
			outputPaths = (
			);
			runOnlyForDeploymentPostprocessing = 0;
			shellPath = /bin/sh;
			shellScript = "\"${SRCROOT}/Pods/Target Support Files/Pods-MVVM_GitHub/Pods-MVVM_GitHub-resources.sh\"\n";
			showEnvVarsInLog = 0;
		};
		58B66B7AC04CC073C950A810 /* [CP] Embed Pods Frameworks */ = {
			isa = PBXShellScriptBuildPhase;
			buildActionMask = 2147483647;
			files = (
			);
			inputPaths = (
				"${SRCROOT}/Pods/Target Support Files/Pods-MVVM_GitHub/Pods-MVVM_GitHub-frameworks.sh",
				"${BUILT_PRODUCTS_DIR}/Differentiator/Differentiator.framework",
				"${BUILT_PRODUCTS_DIR}/ObjectMapper/ObjectMapper.framework",
				"${BUILT_PRODUCTS_DIR}/RxCocoa/RxCocoa.framework",
				"${BUILT_PRODUCTS_DIR}/RxDataSources/RxDataSources.framework",
				"${BUILT_PRODUCTS_DIR}/RxObjectMapper/RxObjectMapper.framework",
				"${BUILT_PRODUCTS_DIR}/RxOptional/RxOptional.framework",
				"${BUILT_PRODUCTS_DIR}/RxSwift/RxSwift.framework",
				"${BUILT_PRODUCTS_DIR}/SDWebImage/SDWebImage.framework",
				"${BUILT_PRODUCTS_DIR}/SwiftIcons/SwiftIcons.framework",
			);
			name = "[CP] Embed Pods Frameworks";
			outputPaths = (
				"${TARGET_BUILD_DIR}/${FRAMEWORKS_FOLDER_PATH}/Differentiator.framework",
				"${TARGET_BUILD_DIR}/${FRAMEWORKS_FOLDER_PATH}/ObjectMapper.framework",
				"${TARGET_BUILD_DIR}/${FRAMEWORKS_FOLDER_PATH}/RxCocoa.framework",
				"${TARGET_BUILD_DIR}/${FRAMEWORKS_FOLDER_PATH}/RxDataSources.framework",
				"${TARGET_BUILD_DIR}/${FRAMEWORKS_FOLDER_PATH}/RxObjectMapper.framework",
				"${TARGET_BUILD_DIR}/${FRAMEWORKS_FOLDER_PATH}/RxOptional.framework",
				"${TARGET_BUILD_DIR}/${FRAMEWORKS_FOLDER_PATH}/RxSwift.framework",
				"${TARGET_BUILD_DIR}/${FRAMEWORKS_FOLDER_PATH}/SDWebImage.framework",
				"${TARGET_BUILD_DIR}/${FRAMEWORKS_FOLDER_PATH}/SwiftIcons.framework",
			);
			runOnlyForDeploymentPostprocessing = 0;
			shellPath = /bin/sh;
			shellScript = "\"${SRCROOT}/Pods/Target Support Files/Pods-MVVM_GitHub/Pods-MVVM_GitHub-frameworks.sh\"\n";
			showEnvVarsInLog = 0;
		};
		6853D7751C6EA2810C2A3CBB /* [CP] Check Pods Manifest.lock */ = {
			isa = PBXShellScriptBuildPhase;
			buildActionMask = 2147483647;
			files = (
			);
			inputPaths = (
				"${PODS_PODFILE_DIR_PATH}/Podfile.lock",
				"${PODS_ROOT}/Manifest.lock",
			);
			name = "[CP] Check Pods Manifest.lock";
			outputPaths = (
				"$(DERIVED_FILE_DIR)/Pods-MVVM_GitHubUITests-checkManifestLockResult.txt",
			);
			runOnlyForDeploymentPostprocessing = 0;
			shellPath = /bin/sh;
			shellScript = "diff \"${PODS_PODFILE_DIR_PATH}/Podfile.lock\" \"${PODS_ROOT}/Manifest.lock\" > /dev/null\nif [ $? != 0 ] ; then\n    # print error to STDERR\n    echo \"error: The sandbox is not in sync with the Podfile.lock. Run 'pod install' or update your CocoaPods installation.\" >&2\n    exit 1\nfi\n# This output is used by Xcode 'outputs' to avoid re-running this script phase.\necho \"SUCCESS\" > \"${SCRIPT_OUTPUT_FILE_0}\"\n";
			showEnvVarsInLog = 0;
		};
		716616E1B000F49956C233D5 /* [CP] Embed Pods Frameworks */ = {
			isa = PBXShellScriptBuildPhase;
			buildActionMask = 2147483647;
			files = (
			);
			inputPaths = (
			);
			name = "[CP] Embed Pods Frameworks";
			outputPaths = (
			);
			runOnlyForDeploymentPostprocessing = 0;
			shellPath = /bin/sh;
			shellScript = "\"${SRCROOT}/Pods/Target Support Files/Pods-MVVM_GitHubTests/Pods-MVVM_GitHubTests-frameworks.sh\"\n";
			showEnvVarsInLog = 0;
		};
		9C3DC2D5BBD7EDFBA90E1726 /* [CP] Copy Pods Resources */ = {
			isa = PBXShellScriptBuildPhase;
			buildActionMask = 2147483647;
			files = (
			);
			inputPaths = (
			);
			name = "[CP] Copy Pods Resources";
			outputPaths = (
			);
			runOnlyForDeploymentPostprocessing = 0;
			shellPath = /bin/sh;
			shellScript = "\"${SRCROOT}/Pods/Target Support Files/Pods-MVVM_GitHubUITests/Pods-MVVM_GitHubUITests-resources.sh\"\n";
			showEnvVarsInLog = 0;
		};
		BC6DF48431F3976B3BD938ED /* [CP] Check Pods Manifest.lock */ = {
			isa = PBXShellScriptBuildPhase;
			buildActionMask = 2147483647;
			files = (
			);
			inputPaths = (
				"${PODS_PODFILE_DIR_PATH}/Podfile.lock",
				"${PODS_ROOT}/Manifest.lock",
			);
			name = "[CP] Check Pods Manifest.lock";
			outputPaths = (
				"$(DERIVED_FILE_DIR)/Pods-MVVM_GitHubTests-checkManifestLockResult.txt",
			);
			runOnlyForDeploymentPostprocessing = 0;
			shellPath = /bin/sh;
			shellScript = "diff \"${PODS_PODFILE_DIR_PATH}/Podfile.lock\" \"${PODS_ROOT}/Manifest.lock\" > /dev/null\nif [ $? != 0 ] ; then\n    # print error to STDERR\n    echo \"error: The sandbox is not in sync with the Podfile.lock. Run 'pod install' or update your CocoaPods installation.\" >&2\n    exit 1\nfi\n# This output is used by Xcode 'outputs' to avoid re-running this script phase.\necho \"SUCCESS\" > \"${SCRIPT_OUTPUT_FILE_0}\"\n";
			showEnvVarsInLog = 0;
		};
		D085497549D3E248ED095B80 /* [CP] Check Pods Manifest.lock */ = {
			isa = PBXShellScriptBuildPhase;
			buildActionMask = 2147483647;
			files = (
			);
			inputPaths = (
				"${PODS_PODFILE_DIR_PATH}/Podfile.lock",
				"${PODS_ROOT}/Manifest.lock",
			);
			name = "[CP] Check Pods Manifest.lock";
			outputPaths = (
				"$(DERIVED_FILE_DIR)/Pods-MVVM_GitHub-checkManifestLockResult.txt",
			);
			runOnlyForDeploymentPostprocessing = 0;
			shellPath = /bin/sh;
			shellScript = "diff \"${PODS_PODFILE_DIR_PATH}/Podfile.lock\" \"${PODS_ROOT}/Manifest.lock\" > /dev/null\nif [ $? != 0 ] ; then\n    # print error to STDERR\n    echo \"error: The sandbox is not in sync with the Podfile.lock. Run 'pod install' or update your CocoaPods installation.\" >&2\n    exit 1\nfi\n# This output is used by Xcode 'outputs' to avoid re-running this script phase.\necho \"SUCCESS\" > \"${SCRIPT_OUTPUT_FILE_0}\"\n";
			showEnvVarsInLog = 0;
		};
/* End PBXShellScriptBuildPhase section */

/* Begin PBXSourcesBuildPhase section */
		5D23D6AA1FFBE71F004D8296 /* Sources */ = {
			isa = PBXSourcesBuildPhase;
			buildActionMask = 2147483647;
			files = (
				5D3271571FFC19B900D85242 /* APIEndpoints.swift in Sources */,
				5D3271531FFBEEC200D85242 /* SearchModel.swift in Sources */,
				5D4722D51FFF8FD200ABF33E /* DetailUserViewController.swift in Sources */,
				5D10CA071FFD73B700A7E92E /* GitHubTableViewCell.swift in Sources */,
				5D5C6A651FFF7D4600492B27 /* CellModel.swift in Sources */,
				5D5C6A671FFF820200492B27 /* DetailRepoViewModel.swift in Sources */,
				5D23D6B41FFBE71F004D8296 /* MasterViewController.swift in Sources */,
				5D5C6A691FFF83AB00492B27 /* DetailModel.swift in Sources */,
				5D3271551FFBFC8400D85242 /* MasterViewModel.swift in Sources */,
				5D23D6B21FFBE71F004D8296 /* AppDelegate.swift in Sources */,
				5D2602711FFEB95D0069D1D5 /* DetailRepoViewController.swift in Sources */,
			);
			runOnlyForDeploymentPostprocessing = 0;
		};
		5D23D6BE1FFBE720004D8296 /* Sources */ = {
			isa = PBXSourcesBuildPhase;
			buildActionMask = 2147483647;
			files = (
				5D23D6C71FFBE720004D8296 /* MVVM_GitHubTests.swift in Sources */,
			);
			runOnlyForDeploymentPostprocessing = 0;
		};
		5D23D6C91FFBE720004D8296 /* Sources */ = {
			isa = PBXSourcesBuildPhase;
			buildActionMask = 2147483647;
			files = (
				5D23D6D21FFBE720004D8296 /* MVVM_GitHubUITests.swift in Sources */,
			);
			runOnlyForDeploymentPostprocessing = 0;
		};
/* End PBXSourcesBuildPhase section */

/* Begin PBXTargetDependency section */
		5D23D6C41FFBE720004D8296 /* PBXTargetDependency */ = {
			isa = PBXTargetDependency;
			target = 5D23D6AD1FFBE71F004D8296 /* MVVM_GitHub */;
			targetProxy = 5D23D6C31FFBE720004D8296 /* PBXContainerItemProxy */;
		};
		5D23D6CF1FFBE720004D8296 /* PBXTargetDependency */ = {
			isa = PBXTargetDependency;
			target = 5D23D6AD1FFBE71F004D8296 /* MVVM_GitHub */;
			targetProxy = 5D23D6CE1FFBE720004D8296 /* PBXContainerItemProxy */;
		};
/* End PBXTargetDependency section */

/* Begin PBXVariantGroup section */
		5D23D6B51FFBE71F004D8296 /* Main.storyboard */ = {
			isa = PBXVariantGroup;
			children = (
				5D23D6B61FFBE71F004D8296 /* Base */,
			);
			name = Main.storyboard;
			sourceTree = "<group>";
		};
		5D23D6BA1FFBE71F004D8296 /* LaunchScreen.storyboard */ = {
			isa = PBXVariantGroup;
			children = (
				5D23D6BB1FFBE71F004D8296 /* Base */,
			);
			name = LaunchScreen.storyboard;
			sourceTree = "<group>";
		};
/* End PBXVariantGroup section */

/* Begin XCBuildConfiguration section */
		5D23D6D41FFBE720004D8296 /* Debug */ = {
			isa = XCBuildConfiguration;
			buildSettings = {
				ALWAYS_SEARCH_USER_PATHS = NO;
				CLANG_ANALYZER_NONNULL = YES;
				CLANG_ANALYZER_NUMBER_OBJECT_CONVERSION = YES_AGGRESSIVE;
				CLANG_CXX_LANGUAGE_STANDARD = "gnu++14";
				CLANG_CXX_LIBRARY = "libc++";
				CLANG_ENABLE_MODULES = YES;
				CLANG_ENABLE_OBJC_ARC = YES;
				CLANG_WARN_BLOCK_CAPTURE_AUTORELEASING = YES;
				CLANG_WARN_BOOL_CONVERSION = YES;
				CLANG_WARN_COMMA = YES;
				CLANG_WARN_CONSTANT_CONVERSION = YES;
				CLANG_WARN_DIRECT_OBJC_ISA_USAGE = YES_ERROR;
				CLANG_WARN_DOCUMENTATION_COMMENTS = YES;
				CLANG_WARN_EMPTY_BODY = YES;
				CLANG_WARN_ENUM_CONVERSION = YES;
				CLANG_WARN_INFINITE_RECURSION = YES;
				CLANG_WARN_INT_CONVERSION = YES;
				CLANG_WARN_NON_LITERAL_NULL_CONVERSION = YES;
				CLANG_WARN_OBJC_LITERAL_CONVERSION = YES;
				CLANG_WARN_OBJC_ROOT_CLASS = YES_ERROR;
				CLANG_WARN_RANGE_LOOP_ANALYSIS = YES;
				CLANG_WARN_STRICT_PROTOTYPES = YES;
				CLANG_WARN_SUSPICIOUS_MOVE = YES;
				CLANG_WARN_UNGUARDED_AVAILABILITY = YES_AGGRESSIVE;
				CLANG_WARN_UNREACHABLE_CODE = YES;
				CLANG_WARN__DUPLICATE_METHOD_MATCH = YES;
				CODE_SIGN_IDENTITY = "iPhone Developer";
				COPY_PHASE_STRIP = NO;
				DEBUG_INFORMATION_FORMAT = dwarf;
				ENABLE_STRICT_OBJC_MSGSEND = YES;
				ENABLE_TESTABILITY = YES;
				GCC_C_LANGUAGE_STANDARD = gnu11;
				GCC_DYNAMIC_NO_PIC = NO;
				GCC_NO_COMMON_BLOCKS = YES;
				GCC_OPTIMIZATION_LEVEL = 0;
				GCC_PREPROCESSOR_DEFINITIONS = (
					"DEBUG=1",
					"$(inherited)",
				);
				GCC_WARN_64_TO_32_BIT_CONVERSION = YES;
				GCC_WARN_ABOUT_RETURN_TYPE = YES_ERROR;
				GCC_WARN_UNDECLARED_SELECTOR = YES;
				GCC_WARN_UNINITIALIZED_AUTOS = YES_AGGRESSIVE;
				GCC_WARN_UNUSED_FUNCTION = YES;
				GCC_WARN_UNUSED_VARIABLE = YES;
				IPHONEOS_DEPLOYMENT_TARGET = 11.2;
				MTL_ENABLE_DEBUG_INFO = YES;
				ONLY_ACTIVE_ARCH = YES;
				SDKROOT = iphoneos;
				SWIFT_ACTIVE_COMPILATION_CONDITIONS = DEBUG;
				SWIFT_OPTIMIZATION_LEVEL = "-Onone";
			};
			name = Debug;
		};
		5D23D6D51FFBE720004D8296 /* Release */ = {
			isa = XCBuildConfiguration;
			buildSettings = {
				ALWAYS_SEARCH_USER_PATHS = NO;
				CLANG_ANALYZER_NONNULL = YES;
				CLANG_ANALYZER_NUMBER_OBJECT_CONVERSION = YES_AGGRESSIVE;
				CLANG_CXX_LANGUAGE_STANDARD = "gnu++14";
				CLANG_CXX_LIBRARY = "libc++";
				CLANG_ENABLE_MODULES = YES;
				CLANG_ENABLE_OBJC_ARC = YES;
				CLANG_WARN_BLOCK_CAPTURE_AUTORELEASING = YES;
				CLANG_WARN_BOOL_CONVERSION = YES;
				CLANG_WARN_COMMA = YES;
				CLANG_WARN_CONSTANT_CONVERSION = YES;
				CLANG_WARN_DIRECT_OBJC_ISA_USAGE = YES_ERROR;
				CLANG_WARN_DOCUMENTATION_COMMENTS = YES;
				CLANG_WARN_EMPTY_BODY = YES;
				CLANG_WARN_ENUM_CONVERSION = YES;
				CLANG_WARN_INFINITE_RECURSION = YES;
				CLANG_WARN_INT_CONVERSION = YES;
				CLANG_WARN_NON_LITERAL_NULL_CONVERSION = YES;
				CLANG_WARN_OBJC_LITERAL_CONVERSION = YES;
				CLANG_WARN_OBJC_ROOT_CLASS = YES_ERROR;
				CLANG_WARN_RANGE_LOOP_ANALYSIS = YES;
				CLANG_WARN_STRICT_PROTOTYPES = YES;
				CLANG_WARN_SUSPICIOUS_MOVE = YES;
				CLANG_WARN_UNGUARDED_AVAILABILITY = YES_AGGRESSIVE;
				CLANG_WARN_UNREACHABLE_CODE = YES;
				CLANG_WARN__DUPLICATE_METHOD_MATCH = YES;
				CODE_SIGN_IDENTITY = "iPhone Developer";
				COPY_PHASE_STRIP = NO;
				DEBUG_INFORMATION_FORMAT = "dwarf-with-dsym";
				ENABLE_NS_ASSERTIONS = NO;
				ENABLE_STRICT_OBJC_MSGSEND = YES;
				GCC_C_LANGUAGE_STANDARD = gnu11;
				GCC_NO_COMMON_BLOCKS = YES;
				GCC_WARN_64_TO_32_BIT_CONVERSION = YES;
				GCC_WARN_ABOUT_RETURN_TYPE = YES_ERROR;
				GCC_WARN_UNDECLARED_SELECTOR = YES;
				GCC_WARN_UNINITIALIZED_AUTOS = YES_AGGRESSIVE;
				GCC_WARN_UNUSED_FUNCTION = YES;
				GCC_WARN_UNUSED_VARIABLE = YES;
				IPHONEOS_DEPLOYMENT_TARGET = 11.2;
				MTL_ENABLE_DEBUG_INFO = NO;
				SDKROOT = iphoneos;
				SWIFT_OPTIMIZATION_LEVEL = "-Owholemodule";
				VALIDATE_PRODUCT = YES;
			};
			name = Release;
		};
		5D23D6D71FFBE720004D8296 /* Debug */ = {
			isa = XCBuildConfiguration;
			baseConfigurationReference = 5250322014F02DE969E6EE9A /* Pods-MVVM_GitHub.debug.xcconfig */;
			buildSettings = {
				ASSETCATALOG_COMPILER_APPICON_NAME = AppIcon;
				CODE_SIGN_STYLE = Automatic;
				DEVELOPMENT_TEAM = 7M63XQPM6K;
				INFOPLIST_FILE = MVVM_GitHub/Info.plist;
				IPHONEOS_DEPLOYMENT_TARGET = 9.0;
				LD_RUNPATH_SEARCH_PATHS = "$(inherited) @executable_path/Frameworks";
				PRODUCT_BUNDLE_IDENTIFIER = "bbocian.MVVM-GitHub";
				PRODUCT_NAME = "$(TARGET_NAME)";
				SWIFT_VERSION = 4.0;
				TARGETED_DEVICE_FAMILY = "1,2";
			};
			name = Debug;
		};
		5D23D6D81FFBE720004D8296 /* Release */ = {
			isa = XCBuildConfiguration;
			baseConfigurationReference = 70BCE722C93C18952F716B14 /* Pods-MVVM_GitHub.release.xcconfig */;
			buildSettings = {
				ASSETCATALOG_COMPILER_APPICON_NAME = AppIcon;
				CODE_SIGN_STYLE = Automatic;
				DEVELOPMENT_TEAM = 7M63XQPM6K;
				INFOPLIST_FILE = MVVM_GitHub/Info.plist;
				IPHONEOS_DEPLOYMENT_TARGET = 9.0;
				LD_RUNPATH_SEARCH_PATHS = "$(inherited) @executable_path/Frameworks";
				PRODUCT_BUNDLE_IDENTIFIER = "bbocian.MVVM-GitHub";
				PRODUCT_NAME = "$(TARGET_NAME)";
				SWIFT_VERSION = 4.0;
				TARGETED_DEVICE_FAMILY = "1,2";
			};
			name = Release;
		};
		5D23D6DA1FFBE720004D8296 /* Debug */ = {
			isa = XCBuildConfiguration;
			baseConfigurationReference = 6AA2CF306840105893605F75 /* Pods-MVVM_GitHubTests.debug.xcconfig */;
			buildSettings = {
				ALWAYS_EMBED_SWIFT_STANDARD_LIBRARIES = YES;
				BUNDLE_LOADER = "$(TEST_HOST)";
				CODE_SIGN_STYLE = Automatic;
				DEVELOPMENT_TEAM = 7M63XQPM6K;
				INFOPLIST_FILE = MVVM_GitHubTests/Info.plist;
				LD_RUNPATH_SEARCH_PATHS = "$(inherited) @executable_path/Frameworks @loader_path/Frameworks";
				PRODUCT_BUNDLE_IDENTIFIER = "bbocian.MVVM-GitHubTests";
				PRODUCT_NAME = "$(TARGET_NAME)";
				SWIFT_VERSION = 4.0;
				TARGETED_DEVICE_FAMILY = "1,2";
				TEST_HOST = "$(BUILT_PRODUCTS_DIR)/MVVM_GitHub.app/MVVM_GitHub";
			};
			name = Debug;
		};
		5D23D6DB1FFBE720004D8296 /* Release */ = {
			isa = XCBuildConfiguration;
			baseConfigurationReference = 7998D121F801BBB13D293580 /* Pods-MVVM_GitHubTests.release.xcconfig */;
			buildSettings = {
				ALWAYS_EMBED_SWIFT_STANDARD_LIBRARIES = YES;
				BUNDLE_LOADER = "$(TEST_HOST)";
				CODE_SIGN_STYLE = Automatic;
				DEVELOPMENT_TEAM = 7M63XQPM6K;
				INFOPLIST_FILE = MVVM_GitHubTests/Info.plist;
				LD_RUNPATH_SEARCH_PATHS = "$(inherited) @executable_path/Frameworks @loader_path/Frameworks";
				PRODUCT_BUNDLE_IDENTIFIER = "bbocian.MVVM-GitHubTests";
				PRODUCT_NAME = "$(TARGET_NAME)";
				SWIFT_VERSION = 4.0;
				TARGETED_DEVICE_FAMILY = "1,2";
				TEST_HOST = "$(BUILT_PRODUCTS_DIR)/MVVM_GitHub.app/MVVM_GitHub";
			};
			name = Release;
		};
		5D23D6DD1FFBE720004D8296 /* Debug */ = {
			isa = XCBuildConfiguration;
			baseConfigurationReference = 9A537F8E9EAA799C1C7616AA /* Pods-MVVM_GitHubUITests.debug.xcconfig */;
			buildSettings = {
				ALWAYS_EMBED_SWIFT_STANDARD_LIBRARIES = YES;
				CODE_SIGN_STYLE = Automatic;
				DEVELOPMENT_TEAM = 7M63XQPM6K;
				INFOPLIST_FILE = MVVM_GitHubUITests/Info.plist;
				LD_RUNPATH_SEARCH_PATHS = "$(inherited) @executable_path/Frameworks @loader_path/Frameworks";
				PRODUCT_BUNDLE_IDENTIFIER = "bbocian.MVVM-GitHubUITests";
				PRODUCT_NAME = "$(TARGET_NAME)";
				SWIFT_VERSION = 4.0;
				TARGETED_DEVICE_FAMILY = "1,2";
				TEST_TARGET_NAME = MVVM_GitHub;
			};
			name = Debug;
		};
		5D23D6DE1FFBE720004D8296 /* Release */ = {
			isa = XCBuildConfiguration;
			baseConfigurationReference = 3E73DDAAA0EA26C809F67654 /* Pods-MVVM_GitHubUITests.release.xcconfig */;
			buildSettings = {
				ALWAYS_EMBED_SWIFT_STANDARD_LIBRARIES = YES;
				CODE_SIGN_STYLE = Automatic;
				DEVELOPMENT_TEAM = 7M63XQPM6K;
				INFOPLIST_FILE = MVVM_GitHubUITests/Info.plist;
				LD_RUNPATH_SEARCH_PATHS = "$(inherited) @executable_path/Frameworks @loader_path/Frameworks";
				PRODUCT_BUNDLE_IDENTIFIER = "bbocian.MVVM-GitHubUITests";
				PRODUCT_NAME = "$(TARGET_NAME)";
				SWIFT_VERSION = 4.0;
				TARGETED_DEVICE_FAMILY = "1,2";
				TEST_TARGET_NAME = MVVM_GitHub;
			};
			name = Release;
		};
/* End XCBuildConfiguration section */

/* Begin XCConfigurationList section */
		5D23D6A91FFBE71F004D8296 /* Build configuration list for PBXProject "MVVM_GitHub" */ = {
			isa = XCConfigurationList;
			buildConfigurations = (
				5D23D6D41FFBE720004D8296 /* Debug */,
				5D23D6D51FFBE720004D8296 /* Release */,
			);
			defaultConfigurationIsVisible = 0;
			defaultConfigurationName = Release;
		};
		5D23D6D61FFBE720004D8296 /* Build configuration list for PBXNativeTarget "MVVM_GitHub" */ = {
			isa = XCConfigurationList;
			buildConfigurations = (
				5D23D6D71FFBE720004D8296 /* Debug */,
				5D23D6D81FFBE720004D8296 /* Release */,
			);
			defaultConfigurationIsVisible = 0;
			defaultConfigurationName = Release;
		};
		5D23D6D91FFBE720004D8296 /* Build configuration list for PBXNativeTarget "MVVM_GitHubTests" */ = {
			isa = XCConfigurationList;
			buildConfigurations = (
				5D23D6DA1FFBE720004D8296 /* Debug */,
				5D23D6DB1FFBE720004D8296 /* Release */,
			);
			defaultConfigurationIsVisible = 0;
			defaultConfigurationName = Release;
		};
		5D23D6DC1FFBE720004D8296 /* Build configuration list for PBXNativeTarget "MVVM_GitHubUITests" */ = {
			isa = XCConfigurationList;
			buildConfigurations = (
				5D23D6DD1FFBE720004D8296 /* Debug */,
				5D23D6DE1FFBE720004D8296 /* Release */,
			);
			defaultConfigurationIsVisible = 0;
			defaultConfigurationName = Release;
		};
/* End XCConfigurationList section */
	};
	rootObject = 5D23D6A61FFBE71F004D8296 /* Project object */;
}
